
Microsoft Visual Studio Solution File, Format Version 12.00
# Visual Studio Version 16
VisualStudioVersion = 16.0.30320.27
MinimumVisualStudioVersion = 10.0.40219.1
Project("{9A19103F-16F7-4668-BE54-9A1E7A4F7556}") = "MySuperBank", "MySuperBank.csproj", "{1EFBEC5A-B2C1-46C8-B4E3-76CA53506FD2}"
EndProject
Project("{9A19103F-16F7-4668-BE54-9A1E7A4F7556}") = "BankLibrary", "..\BankLibrary\BankLibrary.csproj", "{0F06AF2C-74AF-4CD5-8FD6-004D72CA5C8D}"
EndProject
Project("{FAE04EC0-301F-11D3-BF4B-00C04F79EFBC}") = "BankTest", "..\BankTest\BankTest.csproj", "{7D04D47D-24F3-472D-9FEE-107A90319782}"
EndProject
Global
	GlobalSection(SolutionConfigurationPlatforms) = preSolution
		Debug|Any CPU = Debug|Any CPU
		Release|Any CPU = Release|Any CPU
	EndGlobalSection
	GlobalSection(ProjectConfigurationPlatforms) = postSolution
		{1EFBEC5A-B2C1-46C8-B4E3-76CA53506FD2}.Debug|Any CPU.ActiveCfg = Debug|Any CPU
		{1EFBEC5A-B2C1-46C8-B4E3-76CA53506FD2}.Debug|Any CPU.Build.0 = Debug|Any CPU
		{1EFBEC5A-B2C1-46C8-B4E3-76CA53506FD2}.Release|Any CPU.ActiveCfg = Release|Any CPU
		{1EFBEC5A-B2C1-46C8-B4E3-76CA53506FD2}.Release|Any CPU.Build.0 = Release|Any CPU
		{0F06AF2C-74AF-4CD5-8FD6-004D72CA5C8D}.Debug|Any CPU.ActiveCfg = Debug|Any CPU
		{0F06AF2C-74AF-4CD5-8FD6-004D72CA5C8D}.Debug|Any CPU.Build.0 = Debug|Any CPU
		{0F06AF2C-74AF-4CD5-8FD6-004D72CA5C8D}.Release|Any CPU.ActiveCfg = Release|Any CPU
		{0F06AF2C-74AF-4CD5-8FD6-004D72CA5C8D}.Release|Any CPU.Build.0 = Release|Any CPU
		{7D04D47D-24F3-472D-9FEE-107A90319782}.Debug|Any CPU.ActiveCfg = Debug|Any CPU
		{7D04D47D-24F3-472D-9FEE-107A90319782}.Debug|Any CPU.Build.0 = Debug|Any CPU
		{7D04D47D-24F3-472D-9FEE-107A90319782}.Release|Any CPU.ActiveCfg = Release|Any CPU
		{7D04D47D-24F3-472D-9FEE-107A90319782}.Release|Any CPU.Build.0 = Release|Any CPU
	EndGlobalSection
	GlobalSection(SolutionProperties) = preSolution
		HideSolutionNode = FALSE
	EndGlobalSection
	GlobalSection(ExtensibilityGlobals) = postSolution
		SolutionGuid = {E5ABC62B-AEB6-472A-96EA-F42CE2853243}
	EndGlobalSection
EndGlobal
